{
  "name": "2026-STO_022 - Livret d'acceuil Airbnb",
  "lockfileVersion": 3,
  "requires": true,
  "packages": {
    "": {
      "dependencies": {
        "assimpjs": "^0.0.10"
      }
    },
    "node_modules/assimpjs": {
      "version": "0.0.10",
      "resolved": "https://registry.npmjs.org/assimpjs/-/assimpjs-0.0.10.tgz",
      "integrity": "sha512-iY8M+eQzdCvfSkdduj6sPmIbP2fIn40PK6JRrAMxBawL3tHG6Mm0qvitkxB3ZoFBug5o7IdbzQK+jujZTopGPQ==",
      "license": "MIT"
    }
  }
}
